
Microsoft Visual Studio Solution File, Format Version 12.00
# Visual Studio Version 16
VisualStudioVersion = 16.0.31424.327
MinimumVisualStudioVersion = 10.0.40219.1
Project("{FAE04EC0-301F-11D3-BF4B-00C04F79EFBC}") = "Targil0", "Targil0\Targil0.csproj", "{54712588-DFCB-4EA1-8C23-8831EBF36538}"
EndProject
Project("{2150E333-8FDC-42A3-9474-1A3956D46DE8}") = "Solution Items", "Solution Items", "{2BF8A3A7-3BAC-42C7-81C4-B267886137AD}"
	ProjectSection(SolutionItems) = preProject
		..\README.md = ..\README.md
	EndProjectSection
EndProject
Project("{FAE04EC0-301F-11D3-BF4B-00C04F79EFBC}") = "DAL", "DAL\DAL.csproj", "{68CB2214-2C10-4518-AB9A-5F724DC33194}"
EndProject
Project("{FAE04EC0-301F-11D3-BF4B-00C04F79EFBC}") = "ConsoleUI", "ConsoleUI\ConsoleUI.csproj", "{DB82F485-28FD-409D-82C7-C43291CCF3B0}"
EndProject
Global
	GlobalSection(SolutionConfigurationPlatforms) = preSolution
		Debug|Any CPU = Debug|Any CPU
		Release|Any CPU = Release|Any CPU
	EndGlobalSection
	GlobalSection(ProjectConfigurationPlatforms) = postSolution
		{54712588-DFCB-4EA1-8C23-8831EBF36538}.Debug|Any CPU.ActiveCfg = Debug|Any CPU
		{54712588-DFCB-4EA1-8C23-8831EBF36538}.Debug|Any CPU.Build.0 = Debug|Any CPU
		{54712588-DFCB-4EA1-8C23-8831EBF36538}.Release|Any CPU.ActiveCfg = Release|Any CPU
		{54712588-DFCB-4EA1-8C23-8831EBF36538}.Release|Any CPU.Build.0 = Release|Any CPU
		{68CB2214-2C10-4518-AB9A-5F724DC33194}.Debug|Any CPU.ActiveCfg = Debug|Any CPU
		{68CB2214-2C10-4518-AB9A-5F724DC33194}.Debug|Any CPU.Build.0 = Debug|Any CPU
		{68CB2214-2C10-4518-AB9A-5F724DC33194}.Release|Any CPU.ActiveCfg = Release|Any CPU
		{68CB2214-2C10-4518-AB9A-5F724DC33194}.Release|Any CPU.Build.0 = Release|Any CPU
		{DB82F485-28FD-409D-82C7-C43291CCF3B0}.Debug|Any CPU.ActiveCfg = Debug|Any CPU
		{DB82F485-28FD-409D-82C7-C43291CCF3B0}.Debug|Any CPU.Build.0 = Debug|Any CPU
		{DB82F485-28FD-409D-82C7-C43291CCF3B0}.Release|Any CPU.ActiveCfg = Release|Any CPU
		{DB82F485-28FD-409D-82C7-C43291CCF3B0}.Release|Any CPU.Build.0 = Release|Any CPU
	EndGlobalSection
	GlobalSection(SolutionProperties) = preSolution
		HideSolutionNode = FALSE
	EndGlobalSection
	GlobalSection(ExtensibilityGlobals) = postSolution
		SolutionGuid = {AB046FB7-03DB-42DB-9A4E-0E411515A075}
	EndGlobalSection
EndGlobal
